// !$*UTF8*$!
{
	archiveVersion = 1;
	classes = {
	};
	objectVersion = 46;
	objects = {

/* Begin PBXBuildFile section */
		47BE6A931C9818CC00E222C8 /* main.m in Sources */ = {isa = PBXBuildFile; fileRef = 47BE6A921C9818CC00E222C8 /* main.m */; };
		47BE6A961C9818CC00E222C8 /* AppDelegate.m in Sources */ = {isa = PBXBuildFile; fileRef = 47BE6A951C9818CC00E222C8 /* AppDelegate.m */; };
		47BE6A991C9818CC00E222C8 /* ViewController.m in Sources */ = {isa = PBXBuildFile; fileRef = 47BE6A981C9818CC00E222C8 /* ViewController.m */; };
		47BE6A9C1C9818CC00E222C8 /* Main.storyboard in Resources */ = {isa = PBXBuildFile; fileRef = 47BE6A9A1C9818CC00E222C8 /* Main.storyboard */; };
		47BE6A9E1C9818CC00E222C8 /* Assets.xcassets in Resources */ = {isa = PBXBuildFile; fileRef = 47BE6A9D1C9818CC00E222C8 /* Assets.xcassets */; };
		47BE6AA11C9818CC00E222C8 /* LaunchScreen.storyboard in Resources */ = {isa = PBXBuildFile; fileRef = 47BE6A9F1C9818CC00E222C8 /* LaunchScreen.storyboard */; };
		47BE6AAC1C9818CC00E222C8 /* ExampleTests.m in Sources */ = {isa = PBXBuildFile; fileRef = 47BE6AAB1C9818CC00E222C8 /* ExampleTests.m */; };
		47BE6AB71C9818CC00E222C8 /* ExampleUITests.m in Sources */ = {isa = PBXBuildFile; fileRef = 47BE6AB61C9818CC00E222C8 /* ExampleUITests.m */; };
		47BE6AC71C9818E000E222C8 /* LoopScrollView.m in Sources */ = {isa = PBXBuildFile; fileRef = 47BE6AC61C9818E000E222C8 /* LoopScrollView.m */; };
		47BE6ACA1C9819E300E222C8 /* UIViewAdditions.m in Sources */ = {isa = PBXBuildFile; fileRef = 47BE6AC91C9819E300E222C8 /* UIViewAdditions.m */; };
/* End PBXBuildFile section */

/* Begin PBXContainerItemProxy section */
		47BE6AA81C9818CC00E222C8 /* PBXContainerItemProxy */ = {
			isa = PBXContainerItemProxy;
			containerPortal = 47BE6A861C9818CC00E222C8 /* Project object */;
			proxyType = 1;
			remoteGlobalIDString = 47BE6A8D1C9818CC00E222C8;
			remoteInfo = Example;
		};
		47BE6AB31C9818CC00E222C8 /* PBXContainerItemProxy */ = {
			isa = PBXContainerItemProxy;
			containerPortal = 47BE6A861C9818CC00E222C8 /* Project object */;
			proxyType = 1;
			remoteGlobalIDString = 47BE6A8D1C9818CC00E222C8;
			remoteInfo = Example;
		};
/* End PBXContainerItemProxy section */

/* Begin PBXFileReference section */
		47BE6A8E1C9818CC00E222C8 /* Example.app */ = {isa = PBXFileReference; explicitFileType = wrapper.application; includeInIndex = 0; path = Example.app; sourceTree = BUILT_PRODUCTS_DIR; };
		47BE6A921C9818CC00E222C8 /* main.m */ = {isa = PBXFileReference; lastKnownFileType = sourcecode.c.objc; path = main.m; sourceTree = "<group>"; };
		47BE6A941C9818CC00E222C8 /* AppDelegate.h */ = {isa = PBXFileReference; lastKnownFileType = sourcecode.c.h; path = AppDelegate.h; sourceTree = "<group>"; };
		47BE6A951C9818CC00E222C8 /* AppDelegate.m */ = {isa = PBXFileReference; lastKnownFileType = sourcecode.c.objc; path = AppDelegate.m; sourceTree = "<group>"; };
		47BE6A971C9818CC00E222C8 /* ViewController.h */ = {isa = PBXFileReference; lastKnownFileType = sourcecode.c.h; path = ViewController.h; sourceTree = "<group>"; };
		47BE6A981C9818CC00E222C8 /* ViewController.m */ = {isa = PBXFileReference; lastKnownFileType = sourcecode.c.objc; path = ViewController.m; sourceTree = "<group>"; };
		47BE6A9B1C9818CC00E222C8 /* Base */ = {isa = PBXFileReference; lastKnownFileType = file.storyboard; name = Base; path = Base.lproj/Main.storyboard; sourceTree = "<group>"; };
		47BE6A9D1C9818CC00E222C8 /* Assets.xcassets */ = {isa = PBXFileReference; lastKnownFileType = folder.assetcatalog; path = Assets.xcassets; sourceTree = "<group>"; };
		47BE6AA01C9818CC00E222C8 /* Base */ = {isa = PBXFileReference; lastKnownFileType = file.storyboard; name = Base; path = Base.lproj/LaunchScreen.storyboard; sourceTree = "<group>"; };
		47BE6AA21C9818CC00E222C8 /* Info.plist */ = {isa = PBXFileReference; lastKnownFileType = text.plist.xml; path = Info.plist; sourceTree = "<group>"; };
		47BE6AA71C9818CC00E222C8 /* ExampleTests.xctest */ = {isa = PBXFileReference; explicitFileType = wrapper.cfbundle; includeInIndex = 0; path = ExampleTests.xctest; sourceTree = BUILT_PRODUCTS_DIR; };
		47BE6AAB1C9818CC00E222C8 /* ExampleTests.m */ = {isa = PBXFileReference; lastKnownFileType = sourcecode.c.objc; path = ExampleTests.m; sourceTree = "<group>"; };
		47BE6AAD1C9818CC00E222C8 /* Info.plist */ = {isa = PBXFileReference; lastKnownFileType = text.plist.xml; path = Info.plist; sourceTree = "<group>"; };
		47BE6AB21C9818CC00E222C8 /* ExampleUITests.xctest */ = {isa = PBXFileReference; explicitFileType = wrapper.cfbundle; includeInIndex = 0; path = ExampleUITests.xctest; sourceTree = BUILT_PRODUCTS_DIR; };
		47BE6AB61C9818CC00E222C8 /* ExampleUITests.m */ = {isa = PBXFileReference; lastKnownFileType = sourcecode.c.objc; path = ExampleUITests.m; sourceTree = "<group>"; };
		47BE6AB81C9818CC00E222C8 /* Info.plist */ = {isa = PBXFileReference; lastKnownFileType = text.plist.xml; path = Info.plist; sourceTree = "<group>"; };
		47BE6AC51C9818E000E222C8 /* LoopScrollView.h */ = {isa = PBXFileReference; fileEncoding = 4; lastKnownFileType = sourcecode.c.h; path = LoopScrollView.h; sourceTree = "<group>"; };
		47BE6AC61C9818E000E222C8 /* LoopScrollView.m */ = {isa = PBXFileReference; fileEncoding = 4; lastKnownFileType = sourcecode.c.objc; path = LoopScrollView.m; sourceTree = "<group>"; };
		47BE6AC81C9819E300E222C8 /* UIViewAdditions.h */ = {isa = PBXFileReference; fileEncoding = 4; lastKnownFileType = sourcecode.c.h; path = UIViewAdditions.h; sourceTree = "<group>"; };
		47BE6AC91C9819E300E222C8 /* UIViewAdditions.m */ = {isa = PBXFileReference; fileEncoding = 4; lastKnownFileType = sourcecode.c.objc; path = UIViewAdditions.m; sourceTree = "<group>"; };
/* End PBXFileReference section */

/* Begin PBXFrameworksBuildPhase section */
		47BE6A8B1C9818CC00E222C8 /* Frameworks */ = {
			isa = PBXFrameworksBuildPhase;
			buildActionMask = 2147483647;
			files = (
			);
			runOnlyForDeploymentPostprocessing = 0;
		};
		47BE6AA41C9818CC00E222C8 /* Frameworks */ = {
			isa = PBXFrameworksBuildPhase;
			buildActionMask = 2147483647;
			files = (
			);
			runOnlyForDeploymentPostprocessing = 0;
		};
		47BE6AAF1C9818CC00E222C8 /* Frameworks */ = {
			isa = PBXFrameworksBuildPhase;
			buildActionMask = 2147483647;
			files = (
			);
			runOnlyForDeploymentPostprocessing = 0;
		};
/* End PBXFrameworksBuildPhase section */

/* Begin PBXGroup section */
		47BE6A851C9818CC00E222C8 = {
			isa = PBXGroup;
			children = (
				47BE6A901C9818CC00E222C8 /* Example */,
				47BE6AAA1C9818CC00E222C8 /* ExampleTests */,
				47BE6AB51C9818CC00E222C8 /* ExampleUITests */,
				47BE6A8F1C9818CC00E222C8 /* Products */,
			);
			sourceTree = "<group>";
		};
		47BE6A8F1C9818CC00E222C8 /* Products */ = {
			isa = PBXGroup;
			children = (
				47BE6A8E1C9818CC00E222C8 /* Example.app */,
				47BE6AA71C9818CC00E222C8 /* ExampleTests.xctest */,
				47BE6AB21C9818CC00E222C8 /* ExampleUITests.xctest */,
			);
			name = Products;
			sourceTree = "<group>";
		};
		47BE6A901C9818CC00E222C8 /* Example */ = {
			isa = PBXGroup;
			children = (
				47BE6AC41C9818D600E222C8 /* Source */,
				47BE6A941C9818CC00E222C8 /* AppDelegate.h */,
				47BE6A951C9818CC00E222C8 /* AppDelegate.m */,
				47BE6A971C9818CC00E222C8 /* ViewController.h */,
				47BE6A981C9818CC00E222C8 /* ViewController.m */,
				47BE6A9A1C9818CC00E222C8 /* Main.storyboard */,
				47BE6A9D1C9818CC00E222C8 /* Assets.xcassets */,
				47BE6A9F1C9818CC00E222C8 /* LaunchScreen.storyboard */,
				47BE6AA21C9818CC00E222C8 /* Info.plist */,
				47BE6A911C9818CC00E222C8 /* Supporting Files */,
			);
			path = Example;
			sourceTree = "<group>";
		};
		47BE6A911C9818CC00E222C8 /* Supporting Files */ = {
			isa = PBXGroup;
			children = (
				47BE6A921C9818CC00E222C8 /* main.m */,
			);
			name = "Supporting Files";
			sourceTree = "<group>";
		};
		47BE6AAA1C9818CC00E222C8 /* ExampleTests */ = {
			isa = PBXGroup;
			children = (
				47BE6AAB1C9818CC00E222C8 /* ExampleTests.m */,
				47BE6AAD1C9818CC00E222C8 /* Info.plist */,
			);
			path = ExampleTests;
			sourceTree = "<group>";
		};
		47BE6AB51C9818CC00E222C8 /* ExampleUITests */ = {
			isa = PBXGroup;
			children = (
				47BE6AB61C9818CC00E222C8 /* ExampleUITests.m */,
				47BE6AB81C9818CC00E222C8 /* Info.plist */,
			);
			path = ExampleUITests;
			sourceTree = "<group>";
		};
		47BE6AC41C9818D600E222C8 /* Source */ = {
			isa = PBXGroup;
			children = (
				47BE6AC81C9819E300E222C8 /* UIViewAdditions.h */,
				47BE6AC91C9819E300E222C8 /* UIViewAdditions.m */,
				47BE6AC51C9818E000E222C8 /* LoopScrollView.h */,
				47BE6AC61C9818E000E222C8 /* LoopScrollView.m */,
			);
			name = Source;
			sourceTree = "<group>";
		};
/* End PBXGroup section */

/* Begin PBXNativeTarget section */
		47BE6A8D1C9818CC00E222C8 /* Example */ = {
			isa = PBXNativeTarget;
			buildConfigurationList = 47BE6ABB1C9818CC00E222C8 /* Build configuration list for PBXNativeTarget "Example" */;
			buildPhases = (
				47BE6A8A1C9818CC00E222C8 /* Sources */,
				47BE6A8B1C9818CC00E222C8 /* Frameworks */,
				47BE6A8C1C9818CC00E222C8 /* Resources */,
			);
			buildRules = (
			);
			dependencies = (
			);
			name = Example;
			productName = Example;
			productReference = 47BE6A8E1C9818CC00E222C8 /* Example.app */;
			productType = "com.apple.product-type.application";
		};
		47BE6AA61C9818CC00E222C8 /* ExampleTests */ = {
			isa = PBXNativeTarget;
			buildConfigurationList = 47BE6ABE1C9818CC00E222C8 /* Build configuration list for PBXNativeTarget "ExampleTests" */;
			buildPhases = (
				47BE6AA31C9818CC00E222C8 /* Sources */,
				47BE6AA41C9818CC00E222C8 /* Frameworks */,
				47BE6AA51C9818CC00E222C8 /* Resources */,
			);
			buildRules = (
			);
			dependencies = (
				47BE6AA91C9818CC00E222C8 /* PBXTargetDependency */,
			);
			name = ExampleTests;
			productName = ExampleTests;
			productReference = 47BE6AA71C9818CC00E222C8 /* ExampleTests.xctest */;
			productType = "com.apple.product-type.bundle.unit-test";
		};
		47BE6AB11C9818CC00E222C8 /* ExampleUITests */ = {
			isa = PBXNativeTarget;
			buildConfigurationList = 47BE6AC11C9818CC00E222C8 /* Build configuration list for PBXNativeTarget "ExampleUITests" */;
			buildPhases = (
				47BE6AAE1C9818CC00E222C8 /* Sources */,
				47BE6AAF1C9818CC00E222C8 /* Frameworks */,
				47BE6AB01C9818CC00E222C8 /* Resources */,
			);
			buildRules = (
			);
			dependencies = (
				47BE6AB41C9818CC00E222C8 /* PBXTargetDependency */,
			);
			name = ExampleUITests;
			productName = ExampleUITests;
			productReference = 47BE6AB21C9818CC00E222C8 /* ExampleUITests.xctest */;
			productType = "com.apple.product-type.bundle.ui-testing";
		};
/* End PBXNativeTarget section */

/* Begin PBXProject section */
		47BE6A861C9818CC00E222C8 /* Project object */ = {
			isa = PBXProject;
			attributes = {
				LastUpgradeCheck = 0720;
				ORGANIZATIONNAME = "Karsa wang";
				TargetAttributes = {
					47BE6A8D1C9818CC00E222C8 = {
						CreatedOnToolsVersion = 7.2.1;
					};
					47BE6AA61C9818CC00E222C8 = {
						CreatedOnToolsVersion = 7.2.1;
						TestTargetID = 47BE6A8D1C9818CC00E222C8;
					};
					47BE6AB11C9818CC00E222C8 = {
						CreatedOnToolsVersion = 7.2.1;
						TestTargetID = 47BE6A8D1C9818CC00E222C8;
					};
				};
			};
			buildConfigurationList = 47BE6A891C9818CC00E222C8 /* Build configuration list for PBXProject "Example" */;
			compatibilityVersion = "Xcode 3.2";
			developmentRegion = English;
			hasScannedForEncodings = 0;
			knownRegions = (
				en,
				Base,
			);
			mainGroup = 47BE6A851C9818CC00E222C8;
			productRefGroup = 47BE6A8F1C9818CC00E222C8 /* Products */;
			projectDirPath = "";
			projectRoot = "";
			targets = (
				47BE6A8D1C9818CC00E222C8 /* Example */,
				47BE6AA61C9818CC00E222C8 /* ExampleTests */,
				47BE6AB11C9818CC00E222C8 /* ExampleUITests */,
			);
		};
/* End PBXProject section */

/* Begin PBXResourcesBuildPhase section */
		47BE6A8C1C9818CC00E222C8 /* Resources */ = {
			isa = PBXResourcesBuildPhase;
			buildActionMask = 2147483647;
			files = (
				47BE6AA11C9818CC00E222C8 /* LaunchScreen.storyboard in Resources */,
				47BE6A9E1C9818CC00E222C8 /* Assets.xcassets in Resources */,
				47BE6A9C1C9818CC00E222C8 /* Main.storyboard in Resources */,
			);
			runOnlyForDeploymentPostprocessing = 0;
		};
		47BE6AA51C9818CC00E222C8 /* Resources */ = {
			isa = PBXResourcesBuildPhase;
			buildActionMask = 2147483647;
			files = (
			);
			runOnlyForDeploymentPostprocessing = 0;
		};
		47BE6AB01C9818CC00E222C8 /* Resources */ = {
			isa = PBXResourcesBuildPhase;
			buildActionMask = 2147483647;
			files = (
			);
			runOnlyForDeploymentPostprocessing = 0;
		};
/* End PBXResourcesBuildPhase section */

/* Begin PBXSourcesBuildPhase section */
		47BE6A8A1C9818CC00E222C8 /* Sources */ = {
			isa = PBXSourcesBuildPhase;
			buildActionMask = 2147483647;
			files = (
				47BE6A991C9818CC00E222C8 /* ViewController.m in Sources */,
				47BE6ACA1C9819E300E222C8 /* UIViewAdditions.m in Sources */,
				47BE6A961C9818CC00E222C8 /* AppDelegate.m in Sources */,
				47BE6A931C9818CC00E222C8 /* main.m in Sources */,
				47BE6AC71C9818E000E222C8 /* LoopScrollView.m in Sources */,
			);
			runOnlyForDeploymentPostprocessing = 0;
		};
		47BE6AA31C9818CC00E222C8 /* Sources */ = {
			isa = PBXSourcesBuildPhase;
			buildActionMask = 2147483647;
			files = (
				47BE6AAC1C9818CC00E222C8 /* ExampleTests.m in Sources */,
			);
			runOnlyForDeploymentPostprocessing = 0;
		};
		47BE6AAE1C9818CC00E222C8 /* Sources */ = {
			isa = PBXSourcesBuildPhase;
			buildActionMask = 2147483647;
			files = (
				47BE6AB71C9818CC00E222C8 /* ExampleUITests.m in Sources */,
			);
			runOnlyForDeploymentPostprocessing = 0;
		};
/* End PBXSourcesBuildPhase section */

/* Begin PBXTargetDependency section */
		47BE6AA91C9818CC00E222C8 /* PBXTargetDependency */ = {
			isa = PBXTargetDependency;
			target = 47BE6A8D1C9818CC00E222C8 /* Example */;
			targetProxy = 47BE6AA81C9818CC00E222C8 /* PBXContainerItemProxy */;
		};
		47BE6AB41C9818CC00E222C8 /* PBXTargetDependency */ = {
			isa = PBXTargetDependency;
			target = 47BE6A8D1C9818CC00E222C8 /* Example */;
			targetProxy = 47BE6AB31C9818CC00E222C8 /* PBXContainerItemProxy */;
		};
/* End PBXTargetDependency section */

/* Begin PBXVariantGroup section */
		47BE6A9A1C9818CC00E222C8 /* Main.storyboard */ = {
			isa = PBXVariantGroup;
			children = (
				47BE6A9B1C9818CC00E222C8 /* Base */,
			);
			name = Main.storyboard;
			sourceTree = "<group>";
		};
		47BE6A9F1C9818CC00E222C8 /* LaunchScreen.storyboard */ = {
			isa = PBXVariantGroup;
			children = (
				47BE6AA01C9818CC00E222C8 /* Base */,
			);
			name = LaunchScreen.storyboard;
			sourceTree = "<group>";
		};
/* End PBXVariantGroup section */

/* Begin XCBuildConfiguration section */
		47BE6AB91C9818CC00E222C8 /* Debug */ = {
			isa = XCBuildConfiguration;
			buildSettings = {
				ALWAYS_SEARCH_USER_PATHS = NO;
				CLANG_CXX_LANGUAGE_STANDARD = "gnu++0x";
				CLANG_CXX_LIBRARY = "libc++";
				CLANG_ENABLE_MODULES = YES;
				CLANG_ENABLE_OBJC_ARC = YES;
				CLANG_WARN_BOOL_CONVERSION = YES;
				CLANG_WARN_CONSTANT_CONVERSION = YES;
				CLANG_WARN_DIRECT_OBJC_ISA_USAGE = YES_ERROR;
				CLANG_WARN_EMPTY_BODY = YES;
				CLANG_WARN_ENUM_CONVERSION = YES;
				CLANG_WARN_INT_CONVERSION = YES;
				CLANG_WARN_OBJC_ROOT_CLASS = YES_ERROR;
				CLANG_WARN_UNREACHABLE_CODE = YES;
				CLANG_WARN__DUPLICATE_METHOD_MATCH = YES;
				"CODE_SIGN_IDENTITY[sdk=iphoneos*]" = "iPhone Developer";
				COPY_PHASE_STRIP = NO;
				DEBUG_INFORMATION_FORMAT = dwarf;
				ENABLE_STRICT_OBJC_MSGSEND = YES;
				ENABLE_TESTABILITY = YES;
				GCC_C_LANGUAGE_STANDARD = gnu99;
				GCC_DYNAMIC_NO_PIC = NO;
				GCC_NO_COMMON_BLOCKS = YES;
				GCC_OPTIMIZATION_LEVEL = 0;
				GCC_PREPROCESSOR_DEFINITIONS = (
					"DEBUG=1",
					"$(inherited)",
				);
				GCC_WARN_64_TO_32_BIT_CONVERSION = YES;
				GCC_WARN_ABOUT_RETURN_TYPE = YES_ERROR;
				GCC_WARN_UNDECLARED_SELECTOR = YES;
				GCC_WARN_UNINITIALIZED_AUTOS = YES_AGGRESSIVE;
				GCC_WARN_UNUSED_FUNCTION = YES;
				GCC_WARN_UNUSED_VARIABLE = YES;
				IPHONEOS_DEPLOYMENT_TARGET = 9.2;
				MTL_ENABLE_DEBUG_INFO = YES;
				ONLY_ACTIVE_ARCH = YES;
				SDKROOT = iphoneos;
				TARGETED_DEVICE_FAMILY = "1,2";
			};
			name = Debug;
		};
		47BE6ABA1C9818CC00E222C8 /* Release */ = {
			isa = XCBuildConfiguration;
			buildSettings = {
				ALWAYS_SEARCH_USER_PATHS = NO;
				CLANG_CXX_LANGUAGE_STANDARD = "gnu++0x";
				CLANG_CXX_LIBRARY = "libc++";
				CLANG_ENABLE_MODULES = YES;
				CLANG_ENABLE_OBJC_ARC = YES;
				CLANG_WARN_BOOL_CONVERSION = YES;
				CLANG_WARN_CONSTANT_CONVERSION = YES;
				CLANG_WARN_DIRECT_OBJC_ISA_USAGE = YES_ERROR;
				CLANG_WARN_EMPTY_BODY = YES;
				CLANG_WARN_ENUM_CONVERSION = YES;
				CLANG_WARN_INT_CONVERSION = YES;
				CLANG_WARN_OBJC_ROOT_CLASS = YES_ERROR;
				CLANG_WARN_UNREACHABLE_CODE = YES;
				CLANG_WARN__DUPLICATE_METHOD_MATCH = YES;
				"CODE_SIGN_IDENTITY[sdk=iphoneos*]" = "iPhone Developer";
				COPY_PHASE_STRIP = NO;
				DEBUG_INFORMATION_FORMAT = "dwarf-with-dsym";
				ENABLE_NS_ASSERTIONS = NO;
				ENABLE_STRICT_OBJC_MSGSEND = YES;
				GCC_C_LANGUAGE_STANDARD = gnu99;
				GCC_NO_COMMON_BLOCKS = YES;
				GCC_WARN_64_TO_32_BIT_CONVERSION = YES;
				GCC_WARN_ABOUT_RETURN_TYPE = YES_ERROR;
				GCC_WARN_UNDECLARED_SELECTOR = YES;
				GCC_WARN_UNINITIALIZED_AUTOS = YES_AGGRESSIVE;
				GCC_WARN_UNUSED_FUNCTION = YES;
				GCC_WARN_UNUSED_VARIABLE = YES;
				IPHONEOS_DEPLOYMENT_TARGET = 9.2;
				MTL_ENABLE_DEBUG_INFO = NO;
				SDKROOT = iphoneos;
				TARGETED_DEVICE_FAMILY = "1,2";
				VALIDATE_PRODUCT = YES;
			};
			name = Release;
		};
		47BE6ABC1C9818CC00E222C8 /* Debug */ = {
			isa = XCBuildConfiguration;
			buildSettings = {
				ASSETCATALOG_COMPILER_APPICON_NAME = AppIcon;
				INFOPLIST_FILE = Example/Info.plist;
				LD_RUNPATH_SEARCH_PATHS = "$(inherited) @executable_path/Frameworks";
				PRODUCT_BUNDLE_IDENTIFIER = com.karsa.Example;
				PRODUCT_NAME = "$(TARGET_NAME)";
			};
			name = Debug;
		};
		47BE6ABD1C9818CC00E222C8 /* Release */ = {
			isa = XCBuildConfiguration;
			buildSettings = {
				ASSETCATALOG_COMPILER_APPICON_NAME = AppIcon;
				INFOPLIST_FILE = Example/Info.plist;
				LD_RUNPATH_SEARCH_PATHS = "$(inherited) @executable_path/Frameworks";
				PRODUCT_BUNDLE_IDENTIFIER = com.karsa.Example;
				PRODUCT_NAME = "$(TARGET_NAME)";
			};
			name = Release;
		};
		47BE6ABF1C9818CC00E222C8 /* Debug */ = {
			isa = XCBuildConfiguration;
			buildSettings = {
				BUNDLE_LOADER = "$(TEST_HOST)";
				INFOPLIST_FILE = ExampleTests/Info.plist;
				LD_RUNPATH_SEARCH_PATHS = "$(inherited) @executable_path/Frameworks @loader_path/Frameworks";
				PRODUCT_BUNDLE_IDENTIFIER = com.karsa.ExampleTests;
				PRODUCT_NAME = "$(TARGET_NAME)";
				TEST_HOST = "$(BUILT_PRODUCTS_DIR)/Example.app/Example";
			};
			name = Debug;
		};
		47BE6AC01C9818CC00E222C8 /* Release */ = {
			isa = XCBuildConfiguration;
			buildSettings = {
				BUNDLE_LOADER = "$(TEST_HOST)";
				INFOPLIST_FILE = ExampleTests/Info.plist;
				LD_RUNPATH_SEARCH_PATHS = "$(inherited) @executable_path/Frameworks @loader_path/Frameworks";
				PRODUCT_BUNDLE_IDENTIFIER = com.karsa.ExampleTests;
				PRODUCT_NAME = "$(TARGET_NAME)";
				TEST_HOST = "$(BUILT_PRODUCTS_DIR)/Example.app/Example";
			};
			name = Release;
		};
		47BE6AC21C9818CC00E222C8 /* Debug */ = {
			isa = XCBuildConfiguration;
			buildSettings = {
				INFOPLIST_FILE = ExampleUITests/Info.plist;
				LD_RUNPATH_SEARCH_PATHS = "$(inherited) @executable_path/Frameworks @loader_path/Frameworks";
				PRODUCT_BUNDLE_IDENTIFIER = com.karsa.ExampleUITests;
				PRODUCT_NAME = "$(TARGET_NAME)";
				TEST_TARGET_NAME = Example;
				USES_XCTRUNNER = YES;
			};
			name = Debug;
		};
		47BE6AC31C9818CC00E222C8 /* Release */ = {
			isa = XCBuildConfiguration;
			buildSettings = {
				INFOPLIST_FILE = ExampleUITests/Info.plist;
				LD_RUNPATH_SEARCH_PATHS = "$(inherited) @executable_path/Frameworks @loader_path/Frameworks";
				PRODUCT_BUNDLE_IDENTIFIER = com.karsa.ExampleUITests;
				PRODUCT_NAME = "$(TARGET_NAME)";
				TEST_TARGET_NAME = Example;
				USES_XCTRUNNER = YES;
			};
			name = Release;
		};
/* End XCBuildConfiguration section */

/* Begin XCConfigurationList section */
		47BE6A891C9818CC00E222C8 /* Build configuration list for PBXProject "Example" */ = {
			isa = XCConfigurationList;
			buildConfigurations = (
				47BE6AB91C9818CC00E222C8 /* Debug */,
				47BE6ABA1C9818CC00E222C8 /* Release */,
			);
			defaultConfigurationIsVisible = 0;
			defaultConfigurationName = Release;
		};
		47BE6ABB1C9818CC00E222C8 /* Build configuration list for PBXNativeTarget "Example" */ = {
			isa = XCConfigurationList;
			buildConfigurations = (
				47BE6ABC1C9818CC00E222C8 /* Debug */,
				47BE6ABD1C9818CC00E222C8 /* Release */,
			);
			defaultConfigurationIsVisible = 0;
		};
		47BE6ABE1C9818CC00E222C8 /* Build configuration list for PBXNativeTarget "ExampleTests" */ = {
			isa = XCConfigurationList;
			buildConfigurations = (
				47BE6ABF1C9818CC00E222C8 /* Debug */,
				47BE6AC01C9818CC00E222C8 /* Release */,
			);
			defaultConfigurationIsVisible = 0;
		};
		47BE6AC11C9818CC00E222C8 /* Build configuration list for PBXNativeTarget "ExampleUITests" */ = {
			isa = XCConfigurationList;
			buildConfigurations = (
				47BE6AC21C9818CC00E222C8 /* Debug */,
				47BE6AC31C9818CC00E222C8 /* Release */,
			);
			defaultConfigurationIsVisible = 0;
		};
/* End XCConfigurationList section */
	};
	rootObject = 47BE6A861C9818CC00E222C8 /* Project object */;
}
